
Microsoft Visual Studio Solution File, Format Version 12.00
# Visual Studio Version 17
VisualStudioVersion = 17.5.002.0
MinimumVisualStudioVersion = 10.0.40219.1
Project("{9A19103F-16F7-4668-BE54-9A1E7A4F7556}") = "PersonalFinanceApp", "PersonalFinanceApp.csproj", "{E43BC2AE-285B-4429-9021-0A9AC3C6371D}"
EndProject
Global
	GlobalSection(SolutionConfigurationPlatforms) = preSolution
		Debug|Any CPU = Debug|Any CPU
		Release|Any CPU = Release|Any CPU
	EndGlobalSection
	GlobalSection(ProjectConfigurationPlatforms) = postSolution
		{E43BC2AE-285B-4429-9021-0A9AC3C6371D}.Debug|Any CPU.ActiveCfg = Debug|Any CPU
		{E43BC2AE-285B-4429-9021-0A9AC3C6371D}.Debug|Any CPU.Build.0 = Debug|Any CPU
		{E43BC2AE-285B-4429-9021-0A9AC3C6371D}.Release|Any CPU.ActiveCfg = Release|Any CPU
		{E43BC2AE-285B-4429-9021-0A9AC3C6371D}.Release|Any CPU.Build.0 = Release|Any CPU
	EndGlobalSection
	GlobalSection(SolutionProperties) = preSolution
		HideSolutionNode = FALSE
	EndGlobalSection
	GlobalSection(ExtensibilityGlobals) = postSolution
		SolutionGuid = {1E62BB1C-AE38-4E41-B2A2-F2A02C951212}
	EndGlobalSection
EndGlobal
